
Microsoft Visual Studio Solution File, Format Version 12.00
# Visual Studio Version 16
VisualStudioVersion = 16.0.31424.327
MinimumVisualStudioVersion = 10.0.40219.1
Project("{FAE04EC0-301F-11D3-BF4B-00C04F79EFBC}") = "Shop", "Shop\Shop.csproj", "{C4EEB93C-6212-4AA5-9C7A-0006D5FD1762}"
EndProject
Project("{FAE04EC0-301F-11D3-BF4B-00C04F79EFBC}") = "DAL", "DAL\DAL.csproj", "{4445758C-3A1C-471D-90B8-658D91B35E0E}"
EndProject
Project("{FAE04EC0-301F-11D3-BF4B-00C04F79EFBC}") = "ShopWPF", "ShopWPF\ShopWPF.csproj", "{17FFABDE-7613-4402-8770-86DE77CB2CAC}"
EndProject
Global
	GlobalSection(SolutionConfigurationPlatforms) = preSolution
		Debug|Any CPU = Debug|Any CPU
		Release|Any CPU = Release|Any CPU
	EndGlobalSection
	GlobalSection(ProjectConfigurationPlatforms) = postSolution
		{C4EEB93C-6212-4AA5-9C7A-0006D5FD1762}.Debug|Any CPU.ActiveCfg = Debug|Any CPU
		{C4EEB93C-6212-4AA5-9C7A-0006D5FD1762}.Debug|Any CPU.Build.0 = Debug|Any CPU
		{C4EEB93C-6212-4AA5-9C7A-0006D5FD1762}.Release|Any CPU.ActiveCfg = Release|Any CPU
		{C4EEB93C-6212-4AA5-9C7A-0006D5FD1762}.Release|Any CPU.Build.0 = Release|Any CPU
		{4445758C-3A1C-471D-90B8-658D91B35E0E}.Debug|Any CPU.ActiveCfg = Debug|Any CPU
		{4445758C-3A1C-471D-90B8-658D91B35E0E}.Debug|Any CPU.Build.0 = Debug|Any CPU
		{4445758C-3A1C-471D-90B8-658D91B35E0E}.Release|Any CPU.ActiveCfg = Release|Any CPU
		{4445758C-3A1C-471D-90B8-658D91B35E0E}.Release|Any CPU.Build.0 = Release|Any CPU
		{17FFABDE-7613-4402-8770-86DE77CB2CAC}.Debug|Any CPU.ActiveCfg = Debug|Any CPU
		{17FFABDE-7613-4402-8770-86DE77CB2CAC}.Debug|Any CPU.Build.0 = Debug|Any CPU
		{17FFABDE-7613-4402-8770-86DE77CB2CAC}.Release|Any CPU.ActiveCfg = Release|Any CPU
		{17FFABDE-7613-4402-8770-86DE77CB2CAC}.Release|Any CPU.Build.0 = Release|Any CPU
	EndGlobalSection
	GlobalSection(SolutionProperties) = preSolution
		HideSolutionNode = FALSE
	EndGlobalSection
	GlobalSection(ExtensibilityGlobals) = postSolution
		SolutionGuid = {3A676990-476D-43FE-8E15-8EDEB9B1FDC0}
	EndGlobalSection
EndGlobal
